
Microsoft Visual Studio Solution File, Format Version 12.00
# Visual Studio Version 16
VisualStudioVersion = 16.0.32929.386
MinimumVisualStudioVersion = 10.0.40219.1
Project("{FAE04EC0-301F-11D3-BF4B-00C04F79EFBC}") = "TenLab", "TenLab\TenLab.csproj", "{64F7B152-3366-43BC-9FA8-BA64E3147A3A}"
EndProject
Global
	GlobalSection(SolutionConfigurationPlatforms) = preSolution
		Debug|Any CPU = Debug|Any CPU
		Release|Any CPU = Release|Any CPU
	EndGlobalSection
	GlobalSection(ProjectConfigurationPlatforms) = postSolution
		{64F7B152-3366-43BC-9FA8-BA64E3147A3A}.Debug|Any CPU.ActiveCfg = Debug|Any CPU
		{64F7B152-3366-43BC-9FA8-BA64E3147A3A}.Debug|Any CPU.Build.0 = Debug|Any CPU
		{64F7B152-3366-43BC-9FA8-BA64E3147A3A}.Release|Any CPU.ActiveCfg = Release|Any CPU
		{64F7B152-3366-43BC-9FA8-BA64E3147A3A}.Release|Any CPU.Build.0 = Release|Any CPU
	EndGlobalSection
	GlobalSection(SolutionProperties) = preSolution
		HideSolutionNode = FALSE
	EndGlobalSection
	GlobalSection(ExtensibilityGlobals) = postSolution
		SolutionGuid = {B23A8359-998E-4D8E-948A-3E0207E1CA66}
	EndGlobalSection
EndGlobal
